
Microsoft Visual Studio Solution File, Format Version 12.00
# Visual Studio Version 17
VisualStudioVersion = 17.6.33723.286
MinimumVisualStudioVersion = 10.0.40219.1
Project("{FAE04EC0-301F-11D3-BF4B-00C04F79EFBC}") = "webMVC_bookstore", "webMVC_bookstore\webMVC_bookstore.csproj", "{8C192FC0-1D5C-46A4-AD62-0CFE2CBD40B1}"
EndProject
Global
	GlobalSection(SolutionConfigurationPlatforms) = preSolution
		Debug|Any CPU = Debug|Any CPU
		Release|Any CPU = Release|Any CPU
	EndGlobalSection
	GlobalSection(ProjectConfigurationPlatforms) = postSolution
		{8C192FC0-1D5C-46A4-AD62-0CFE2CBD40B1}.Debug|Any CPU.ActiveCfg = Debug|Any CPU
		{8C192FC0-1D5C-46A4-AD62-0CFE2CBD40B1}.Debug|Any CPU.Build.0 = Debug|Any CPU
		{8C192FC0-1D5C-46A4-AD62-0CFE2CBD40B1}.Release|Any CPU.ActiveCfg = Release|Any CPU
		{8C192FC0-1D5C-46A4-AD62-0CFE2CBD40B1}.Release|Any CPU.Build.0 = Release|Any CPU
	EndGlobalSection
	GlobalSection(SolutionProperties) = preSolution
		HideSolutionNode = FALSE
	EndGlobalSection
	GlobalSection(ExtensibilityGlobals) = postSolution
		SolutionGuid = {92A9A40C-BBC7-436D-AC2E-10FD0814E5D1}
	EndGlobalSection
EndGlobal
